
Microsoft Visual Studio Solution File, Format Version 12.00
# Visual Studio 15
VisualStudioVersion = 15.0.28307.960
MinimumVisualStudioVersion = 10.0.40219.1
Project("{FAE04EC0-301F-11D3-BF4B-00C04F79EFBC}") = "EMS", "EMS\EMS.csproj", "{915DD233-4B7D-4E57-9819-82B611E3E2C3}"
EndProject
Global
	GlobalSection(SolutionConfigurationPlatforms) = preSolution
		Debug|Any CPU = Debug|Any CPU
		Release|Any CPU = Release|Any CPU
	EndGlobalSection
	GlobalSection(ProjectConfigurationPlatforms) = postSolution
		{915DD233-4B7D-4E57-9819-82B611E3E2C3}.Debug|Any CPU.ActiveCfg = Debug|Any CPU
		{915DD233-4B7D-4E57-9819-82B611E3E2C3}.Debug|Any CPU.Build.0 = Debug|Any CPU
		{915DD233-4B7D-4E57-9819-82B611E3E2C3}.Release|Any CPU.ActiveCfg = Release|Any CPU
		{915DD233-4B7D-4E57-9819-82B611E3E2C3}.Release|Any CPU.Build.0 = Release|Any CPU
	EndGlobalSection
	GlobalSection(SolutionProperties) = preSolution
		HideSolutionNode = FALSE
	EndGlobalSection
	GlobalSection(ExtensibilityGlobals) = postSolution
		SolutionGuid = {8F122371-FBE2-497D-87C2-DD3D082A1E6C}
	EndGlobalSection
EndGlobal
